
Microsoft Visual Studio Solution File, Format Version 12.00
# Visual Studio Version 17
VisualStudioVersion = 17.5.33414.496
MinimumVisualStudioVersion = 10.0.40219.1
Project("{9A19103F-16F7-4668-BE54-9A1E7A4F7556}") = "Addon.Episerver.EnvironmentSynchronizer", "Addon.Episerver.EnvironmentSynchronizer\Addon.Episerver.EnvironmentSynchronizer.csproj", "{C06A863E-E799-4D7F-BC89-969B843A1829}"
EndProject
Project("{9A19103F-16F7-4668-BE54-9A1E7A4F7556}") = "Addon.Episerver.EnvironmentSynchronizer.Test", "Addon.Episever.EnvironmentSynchronizer.Test\Addon.Episerver.EnvironmentSynchronizer.Test.csproj", "{3A19B2C4-8EA1-4BA5-937C-F7EE8BB41580}"
EndProject
Project("{2150E333-8FDC-42A3-9474-1A3956D46DE8}") = "Documentation", "Documentation", "{886607B0-4954-4DED-962B-0B2BC85CAE15}"
	ProjectSection(SolutionItems) = preProject
		documentation\ForceLogin.md = documentation\ForceLogin.md
		README.md = README.md
	EndProjectSection
EndProject
Project("{2150E333-8FDC-42A3-9474-1A3956D46DE8}") = "DevOps", "DevOps", "{2930C838-698D-4941-A978-1EB0F2B560E1}"
	ProjectSection(SolutionItems) = preProject
		.azuredevops\azure-pipelines.yml = .azuredevops\azure-pipelines.yml
	EndProjectSection
EndProject
Global
	GlobalSection(SolutionConfigurationPlatforms) = preSolution
		Debug|Any CPU = Debug|Any CPU
		Release|Any CPU = Release|Any CPU
	EndGlobalSection
	GlobalSection(ProjectConfigurationPlatforms) = postSolution
		{C06A863E-E799-4D7F-BC89-969B843A1829}.Debug|Any CPU.ActiveCfg = Debug|Any CPU
		{C06A863E-E799-4D7F-BC89-969B843A1829}.Debug|Any CPU.Build.0 = Debug|Any CPU
		{C06A863E-E799-4D7F-BC89-969B843A1829}.Release|Any CPU.ActiveCfg = Release|Any CPU
		{C06A863E-E799-4D7F-BC89-969B843A1829}.Release|Any CPU.Build.0 = Release|Any CPU
		{3A19B2C4-8EA1-4BA5-937C-F7EE8BB41580}.Debug|Any CPU.ActiveCfg = Debug|Any CPU
		{3A19B2C4-8EA1-4BA5-937C-F7EE8BB41580}.Debug|Any CPU.Build.0 = Debug|Any CPU
		{3A19B2C4-8EA1-4BA5-937C-F7EE8BB41580}.Release|Any CPU.ActiveCfg = Release|Any CPU
		{3A19B2C4-8EA1-4BA5-937C-F7EE8BB41580}.Release|Any CPU.Build.0 = Release|Any CPU
	EndGlobalSection
	GlobalSection(SolutionProperties) = preSolution
		HideSolutionNode = FALSE
	EndGlobalSection
	GlobalSection(ExtensibilityGlobals) = postSolution
		SolutionGuid = {1070A38F-8B91-457B-813F-7C3CCDAFACC2}
	EndGlobalSection
EndGlobal
